// !$*UTF8*$!
{
	archiveVersion = 1;
	classes = {
	};
	objectVersion = 48;
	objects = {

/* Begin PBXBuildFile section */
		7FD4217E200FE10D00744332 /* NetworkAPIClient.swift in Sources */ = {isa = PBXBuildFile; fileRef = 7FD4217D200FE10D00744332 /* NetworkAPIClient.swift */; };
		7FD42181200FE14400744332 /* Constants.swift in Sources */ = {isa = PBXBuildFile; fileRef = 7FD4217F200FE14400744332 /* Constants.swift */; };
		7FD42182200FE14400744332 /* UIView+Helpers.swift in Sources */ = {isa = PBXBuildFile; fileRef = 7FD42180200FE14400744332 /* UIView+Helpers.swift */; };
		7FDD7572200FA92D008E00CE /* AppDelegate.swift in Sources */ = {isa = PBXBuildFile; fileRef = 7FDD7571200FA92D008E00CE /* AppDelegate.swift */; };
		7FDD7577200FA92D008E00CE /* Main.storyboard in Resources */ = {isa = PBXBuildFile; fileRef = 7FDD7575200FA92D008E00CE /* Main.storyboard */; };
		7FDD7579200FA92D008E00CE /* Assets.xcassets in Resources */ = {isa = PBXBuildFile; fileRef = 7FDD7578200FA92D008E00CE /* Assets.xcassets */; };
		7FDD757C200FA92D008E00CE /* LaunchScreen.storyboard in Resources */ = {isa = PBXBuildFile; fileRef = 7FDD757A200FA92D008E00CE /* LaunchScreen.storyboard */; };
		7FDD7587200FA92D008E00CE /* GitTrendsTests.swift in Sources */ = {isa = PBXBuildFile; fileRef = 7FDD7586200FA92D008E00CE /* GitTrendsTests.swift */; };
		7FDD7592200FA92D008E00CE /* GitTrendsUITests.swift in Sources */ = {isa = PBXBuildFile; fileRef = 7FDD7591200FA92D008E00CE /* GitTrendsUITests.swift */; };
		7FDD75A7200FAA09008E00CE /* ProjectListViewController.swift in Sources */ = {isa = PBXBuildFile; fileRef = 7FDD75A6200FAA09008E00CE /* ProjectListViewController.swift */; };
		7FDD75A9200FAA25008E00CE /* ProjectDetailsViewController.swift in Sources */ = {isa = PBXBuildFile; fileRef = 7FDD75A8200FAA25008E00CE /* ProjectDetailsViewController.swift */; };
		7FDD75AB200FAA49008E00CE /* ProjectListViewCell.swift in Sources */ = {isa = PBXBuildFile; fileRef = 7FDD75AA200FAA49008E00CE /* ProjectListViewCell.swift */; };
		7FDD75AD200FAD96008E00CE /* dummy_profile.png in Resources */ = {isa = PBXBuildFile; fileRef = 7FDD75AC200FAD96008E00CE /* dummy_profile.png */; };
		7FDD75AF200FAEA1008E00CE /* ViewModels.swift in Sources */ = {isa = PBXBuildFile; fileRef = 7FDD75AE200FAEA1008E00CE /* ViewModels.swift */; };
		7FDD75B1200FAEAD008E00CE /* DataModels.swift in Sources */ = {isa = PBXBuildFile; fileRef = 7FDD75B0200FAEAD008E00CE /* DataModels.swift */; };
/* End PBXBuildFile section */

/* Begin PBXContainerItemProxy section */
		7FDD7583200FA92D008E00CE /* PBXContainerItemProxy */ = {
			isa = PBXContainerItemProxy;
			containerPortal = 7FDD7566200FA92D008E00CE /* Project object */;
			proxyType = 1;
			remoteGlobalIDString = 7FDD756D200FA92D008E00CE;
			remoteInfo = GitTrends;
		};
		7FDD758E200FA92D008E00CE /* PBXContainerItemProxy */ = {
			isa = PBXContainerItemProxy;
			containerPortal = 7FDD7566200FA92D008E00CE /* Project object */;
			proxyType = 1;
			remoteGlobalIDString = 7FDD756D200FA92D008E00CE;
			remoteInfo = GitTrends;
		};
/* End PBXContainerItemProxy section */

/* Begin PBXFileReference section */
		7FD4217D200FE10D00744332 /* NetworkAPIClient.swift */ = {isa = PBXFileReference; fileEncoding = 4; lastKnownFileType = sourcecode.swift; path = NetworkAPIClient.swift; sourceTree = "<group>"; };
		7FD4217F200FE14400744332 /* Constants.swift */ = {isa = PBXFileReference; fileEncoding = 4; lastKnownFileType = sourcecode.swift; path = Constants.swift; sourceTree = "<group>"; };
		7FD42180200FE14400744332 /* UIView+Helpers.swift */ = {isa = PBXFileReference; fileEncoding = 4; lastKnownFileType = sourcecode.swift; path = "UIView+Helpers.swift"; sourceTree = "<group>"; };
		7FDD756E200FA92D008E00CE /* GitTrends.app */ = {isa = PBXFileReference; explicitFileType = wrapper.application; includeInIndex = 0; path = GitTrends.app; sourceTree = BUILT_PRODUCTS_DIR; };
		7FDD7571200FA92D008E00CE /* AppDelegate.swift */ = {isa = PBXFileReference; lastKnownFileType = sourcecode.swift; path = AppDelegate.swift; sourceTree = "<group>"; };
		7FDD7576200FA92D008E00CE /* Base */ = {isa = PBXFileReference; lastKnownFileType = file.storyboard; name = Base; path = Base.lproj/Main.storyboard; sourceTree = "<group>"; };
		7FDD7578200FA92D008E00CE /* Assets.xcassets */ = {isa = PBXFileReference; lastKnownFileType = folder.assetcatalog; path = Assets.xcassets; sourceTree = "<group>"; };
		7FDD757B200FA92D008E00CE /* Base */ = {isa = PBXFileReference; lastKnownFileType = file.storyboard; name = Base; path = Base.lproj/LaunchScreen.storyboard; sourceTree = "<group>"; };
		7FDD757D200FA92D008E00CE /* Info.plist */ = {isa = PBXFileReference; lastKnownFileType = text.plist.xml; path = Info.plist; sourceTree = "<group>"; };
		7FDD7582200FA92D008E00CE /* GitTrendsTests.xctest */ = {isa = PBXFileReference; explicitFileType = wrapper.cfbundle; includeInIndex = 0; path = GitTrendsTests.xctest; sourceTree = BUILT_PRODUCTS_DIR; };
		7FDD7586200FA92D008E00CE /* GitTrendsTests.swift */ = {isa = PBXFileReference; lastKnownFileType = sourcecode.swift; path = GitTrendsTests.swift; sourceTree = "<group>"; };
		7FDD7588200FA92D008E00CE /* Info.plist */ = {isa = PBXFileReference; lastKnownFileType = text.plist.xml; path = Info.plist; sourceTree = "<group>"; };
		7FDD758D200FA92D008E00CE /* GitTrendsUITests.xctest */ = {isa = PBXFileReference; explicitFileType = wrapper.cfbundle; includeInIndex = 0; path = GitTrendsUITests.xctest; sourceTree = BUILT_PRODUCTS_DIR; };
		7FDD7591200FA92D008E00CE /* GitTrendsUITests.swift */ = {isa = PBXFileReference; lastKnownFileType = sourcecode.swift; path = GitTrendsUITests.swift; sourceTree = "<group>"; };
		7FDD7593200FA92D008E00CE /* Info.plist */ = {isa = PBXFileReference; lastKnownFileType = text.plist.xml; path = Info.plist; sourceTree = "<group>"; };
		7FDD75A6200FAA09008E00CE /* ProjectListViewController.swift */ = {isa = PBXFileReference; lastKnownFileType = sourcecode.swift; path = ProjectListViewController.swift; sourceTree = "<group>"; };
		7FDD75A8200FAA25008E00CE /* ProjectDetailsViewController.swift */ = {isa = PBXFileReference; lastKnownFileType = sourcecode.swift; path = ProjectDetailsViewController.swift; sourceTree = "<group>"; };
		7FDD75AA200FAA49008E00CE /* ProjectListViewCell.swift */ = {isa = PBXFileReference; lastKnownFileType = sourcecode.swift; path = ProjectListViewCell.swift; sourceTree = "<group>"; };
		7FDD75AC200FAD96008E00CE /* dummy_profile.png */ = {isa = PBXFileReference; lastKnownFileType = image.png; path = dummy_profile.png; sourceTree = "<group>"; };
		7FDD75AE200FAEA1008E00CE /* ViewModels.swift */ = {isa = PBXFileReference; lastKnownFileType = sourcecode.swift; path = ViewModels.swift; sourceTree = "<group>"; };
		7FDD75B0200FAEAD008E00CE /* DataModels.swift */ = {isa = PBXFileReference; lastKnownFileType = sourcecode.swift; path = DataModels.swift; sourceTree = "<group>"; };
/* End PBXFileReference section */

/* Begin PBXFrameworksBuildPhase section */
		7FDD756B200FA92D008E00CE /* Frameworks */ = {
			isa = PBXFrameworksBuildPhase;
			buildActionMask = 2147483647;
			files = (
			);
			runOnlyForDeploymentPostprocessing = 0;
		};
		7FDD757F200FA92D008E00CE /* Frameworks */ = {
			isa = PBXFrameworksBuildPhase;
			buildActionMask = 2147483647;
			files = (
			);
			runOnlyForDeploymentPostprocessing = 0;
		};
		7FDD758A200FA92D008E00CE /* Frameworks */ = {
			isa = PBXFrameworksBuildPhase;
			buildActionMask = 2147483647;
			files = (
			);
			runOnlyForDeploymentPostprocessing = 0;
		};
/* End PBXFrameworksBuildPhase section */

/* Begin PBXGroup section */
		7FDD7565200FA92D008E00CE = {
			isa = PBXGroup;
			children = (
				7FDD7570200FA92D008E00CE /* GitTrends */,
				7FDD7585200FA92D008E00CE /* GitTrendsTests */,
				7FDD7590200FA92D008E00CE /* GitTrendsUITests */,
				7FDD756F200FA92D008E00CE /* Products */,
			);
			sourceTree = "<group>";
		};
		7FDD756F200FA92D008E00CE /* Products */ = {
			isa = PBXGroup;
			children = (
				7FDD756E200FA92D008E00CE /* GitTrends.app */,
				7FDD7582200FA92D008E00CE /* GitTrendsTests.xctest */,
				7FDD758D200FA92D008E00CE /* GitTrendsUITests.xctest */,
			);
			name = Products;
			sourceTree = "<group>";
		};
		7FDD7570200FA92D008E00CE /* GitTrends */ = {
			isa = PBXGroup;
			children = (
				7FDD75B5200FBA8B008E00CE /* Service */,
				7FDD75B2200FB2D5008E00CE /* Helpers */,
				7FDD75A1200FA98A008E00CE /* View */,
				7FDD75A0200FA97F008E00CE /* Model */,
				7FDD759F200FA968008E00CE /* ViewController */,
				7FDD7571200FA92D008E00CE /* AppDelegate.swift */,
				7FDD7575200FA92D008E00CE /* Main.storyboard */,
				7FDD7578200FA92D008E00CE /* Assets.xcassets */,
				7FDD757A200FA92D008E00CE /* LaunchScreen.storyboard */,
				7FDD75AC200FAD96008E00CE /* dummy_profile.png */,
				7FDD757D200FA92D008E00CE /* Info.plist */,
			);
			path = GitTrends;
			sourceTree = "<group>";
		};
		7FDD7585200FA92D008E00CE /* GitTrendsTests */ = {
			isa = PBXGroup;
			children = (
				7FDD7586200FA92D008E00CE /* GitTrendsTests.swift */,
				7FDD7588200FA92D008E00CE /* Info.plist */,
			);
			path = GitTrendsTests;
			sourceTree = "<group>";
		};
		7FDD7590200FA92D008E00CE /* GitTrendsUITests */ = {
			isa = PBXGroup;
			children = (
				7FDD7591200FA92D008E00CE /* GitTrendsUITests.swift */,
				7FDD7593200FA92D008E00CE /* Info.plist */,
			);
			path = GitTrendsUITests;
			sourceTree = "<group>";
		};
		7FDD759F200FA968008E00CE /* ViewController */ = {
			isa = PBXGroup;
			children = (
				7FDD75A6200FAA09008E00CE /* ProjectListViewController.swift */,
				7FDD75A8200FAA25008E00CE /* ProjectDetailsViewController.swift */,
			);
			path = ViewController;
			sourceTree = "<group>";
		};
		7FDD75A0200FA97F008E00CE /* Model */ = {
			isa = PBXGroup;
			children = (
				7FDD75AE200FAEA1008E00CE /* ViewModels.swift */,
				7FDD75B0200FAEAD008E00CE /* DataModels.swift */,
			);
			path = Model;
			sourceTree = "<group>";
		};
		7FDD75A1200FA98A008E00CE /* View */ = {
			isa = PBXGroup;
			children = (
				7FDD75AA200FAA49008E00CE /* ProjectListViewCell.swift */,
			);
			path = View;
			sourceTree = "<group>";
		};
		7FDD75B2200FB2D5008E00CE /* Helpers */ = {
			isa = PBXGroup;
			children = (
				7FD4217F200FE14400744332 /* Constants.swift */,
				7FD42180200FE14400744332 /* UIView+Helpers.swift */,
			);
			path = Helpers;
			sourceTree = "<group>";
		};
		7FDD75B5200FBA8B008E00CE /* Service */ = {
			isa = PBXGroup;
			children = (
				7FD4217D200FE10D00744332 /* NetworkAPIClient.swift */,
			);
			path = Service;
			sourceTree = "<group>";
		};
/* End PBXGroup section */

/* Begin PBXNativeTarget section */
		7FDD756D200FA92D008E00CE /* GitTrends */ = {
			isa = PBXNativeTarget;
			buildConfigurationList = 7FDD7596200FA92D008E00CE /* Build configuration list for PBXNativeTarget "GitTrends" */;
			buildPhases = (
				7FDD756A200FA92D008E00CE /* Sources */,
				7FDD756B200FA92D008E00CE /* Frameworks */,
				7FDD756C200FA92D008E00CE /* Resources */,
			);
			buildRules = (
			);
			dependencies = (
			);
			name = GitTrends;
			productName = GitTrends;
			productReference = 7FDD756E200FA92D008E00CE /* GitTrends.app */;
			productType = "com.apple.product-type.application";
		};
		7FDD7581200FA92D008E00CE /* GitTrendsTests */ = {
			isa = PBXNativeTarget;
			buildConfigurationList = 7FDD7599200FA92D008E00CE /* Build configuration list for PBXNativeTarget "GitTrendsTests" */;
			buildPhases = (
				7FDD757E200FA92D008E00CE /* Sources */,
				7FDD757F200FA92D008E00CE /* Frameworks */,
				7FDD7580200FA92D008E00CE /* Resources */,
			);
			buildRules = (
			);
			dependencies = (
				7FDD7584200FA92D008E00CE /* PBXTargetDependency */,
			);
			name = GitTrendsTests;
			productName = GitTrendsTests;
			productReference = 7FDD7582200FA92D008E00CE /* GitTrendsTests.xctest */;
			productType = "com.apple.product-type.bundle.unit-test";
		};
		7FDD758C200FA92D008E00CE /* GitTrendsUITests */ = {
			isa = PBXNativeTarget;
			buildConfigurationList = 7FDD759C200FA92D008E00CE /* Build configuration list for PBXNativeTarget "GitTrendsUITests" */;
			buildPhases = (
				7FDD7589200FA92D008E00CE /* Sources */,
				7FDD758A200FA92D008E00CE /* Frameworks */,
				7FDD758B200FA92D008E00CE /* Resources */,
			);
			buildRules = (
			);
			dependencies = (
				7FDD758F200FA92D008E00CE /* PBXTargetDependency */,
			);
			name = GitTrendsUITests;
			productName = GitTrendsUITests;
			productReference = 7FDD758D200FA92D008E00CE /* GitTrendsUITests.xctest */;
			productType = "com.apple.product-type.bundle.ui-testing";
		};
/* End PBXNativeTarget section */

/* Begin PBXProject section */
		7FDD7566200FA92D008E00CE /* Project object */ = {
			isa = PBXProject;
			attributes = {
				LastSwiftUpdateCheck = 0900;
				LastUpgradeCheck = 0900;
				ORGANIZATIONNAME = "A Rane";
				TargetAttributes = {
					7FDD756D200FA92D008E00CE = {
						CreatedOnToolsVersion = 9.0.1;
						ProvisioningStyle = Automatic;
					};
					7FDD7581200FA92D008E00CE = {
						CreatedOnToolsVersion = 9.0.1;
						ProvisioningStyle = Automatic;
						TestTargetID = 7FDD756D200FA92D008E00CE;
					};
					7FDD758C200FA92D008E00CE = {
						CreatedOnToolsVersion = 9.0.1;
						ProvisioningStyle = Automatic;
						TestTargetID = 7FDD756D200FA92D008E00CE;
					};
				};
			};
			buildConfigurationList = 7FDD7569200FA92D008E00CE /* Build configuration list for PBXProject "GitTrends" */;
			compatibilityVersion = "Xcode 8.0";
			developmentRegion = en;
			hasScannedForEncodings = 0;
			knownRegions = (
				en,
				Base,
			);
			mainGroup = 7FDD7565200FA92D008E00CE;
			productRefGroup = 7FDD756F200FA92D008E00CE /* Products */;
			projectDirPath = "";
			projectRoot = "";
			targets = (
				7FDD756D200FA92D008E00CE /* GitTrends */,
				7FDD7581200FA92D008E00CE /* GitTrendsTests */,
				7FDD758C200FA92D008E00CE /* GitTrendsUITests */,
			);
		};
/* End PBXProject section */

/* Begin PBXResourcesBuildPhase section */
		7FDD756C200FA92D008E00CE /* Resources */ = {
			isa = PBXResourcesBuildPhase;
			buildActionMask = 2147483647;
			files = (
				7FDD75AD200FAD96008E00CE /* dummy_profile.png in Resources */,
				7FDD757C200FA92D008E00CE /* LaunchScreen.storyboard in Resources */,
				7FDD7579200FA92D008E00CE /* Assets.xcassets in Resources */,
				7FDD7577200FA92D008E00CE /* Main.storyboard in Resources */,
			);
			runOnlyForDeploymentPostprocessing = 0;
		};
		7FDD7580200FA92D008E00CE /* Resources */ = {
			isa = PBXResourcesBuildPhase;
			buildActionMask = 2147483647;
			files = (
			);
			runOnlyForDeploymentPostprocessing = 0;
		};
		7FDD758B200FA92D008E00CE /* Resources */ = {
			isa = PBXResourcesBuildPhase;
			buildActionMask = 2147483647;
			files = (
			);
			runOnlyForDeploymentPostprocessing = 0;
		};
/* End PBXResourcesBuildPhase section */

/* Begin PBXSourcesBuildPhase section */
		7FDD756A200FA92D008E00CE /* Sources */ = {
			isa = PBXSourcesBuildPhase;
			buildActionMask = 2147483647;
			files = (
				7FD42181200FE14400744332 /* Constants.swift in Sources */,
				7FDD75AB200FAA49008E00CE /* ProjectListViewCell.swift in Sources */,
				7FD4217E200FE10D00744332 /* NetworkAPIClient.swift in Sources */,
				7FDD75A9200FAA25008E00CE /* ProjectDetailsViewController.swift in Sources */,
				7FDD75AF200FAEA1008E00CE /* ViewModels.swift in Sources */,
				7FDD75B1200FAEAD008E00CE /* DataModels.swift in Sources */,
				7FDD7572200FA92D008E00CE /* AppDelegate.swift in Sources */,
				7FDD75A7200FAA09008E00CE /* ProjectListViewController.swift in Sources */,
				7FD42182200FE14400744332 /* UIView+Helpers.swift in Sources */,
			);
			runOnlyForDeploymentPostprocessing = 0;
		};
		7FDD757E200FA92D008E00CE /* Sources */ = {
			isa = PBXSourcesBuildPhase;
			buildActionMask = 2147483647;
			files = (
				7FDD7587200FA92D008E00CE /* GitTrendsTests.swift in Sources */,
			);
			runOnlyForDeploymentPostprocessing = 0;
		};
		7FDD7589200FA92D008E00CE /* Sources */ = {
			isa = PBXSourcesBuildPhase;
			buildActionMask = 2147483647;
			files = (
				7FDD7592200FA92D008E00CE /* GitTrendsUITests.swift in Sources */,
			);
			runOnlyForDeploymentPostprocessing = 0;
		};
/* End PBXSourcesBuildPhase section */

/* Begin PBXTargetDependency section */
		7FDD7584200FA92D008E00CE /* PBXTargetDependency */ = {
			isa = PBXTargetDependency;
			target = 7FDD756D200FA92D008E00CE /* GitTrends */;
			targetProxy = 7FDD7583200FA92D008E00CE /* PBXContainerItemProxy */;
		};
		7FDD758F200FA92D008E00CE /* PBXTargetDependency */ = {
			isa = PBXTargetDependency;
			target = 7FDD756D200FA92D008E00CE /* GitTrends */;
			targetProxy = 7FDD758E200FA92D008E00CE /* PBXContainerItemProxy */;
		};
/* End PBXTargetDependency section */

/* Begin PBXVariantGroup section */
		7FDD7575200FA92D008E00CE /* Main.storyboard */ = {
			isa = PBXVariantGroup;
			children = (
				7FDD7576200FA92D008E00CE /* Base */,
			);
			name = Main.storyboard;
			sourceTree = "<group>";
		};
		7FDD757A200FA92D008E00CE /* LaunchScreen.storyboard */ = {
			isa = PBXVariantGroup;
			children = (
				7FDD757B200FA92D008E00CE /* Base */,
			);
			name = LaunchScreen.storyboard;
			sourceTree = "<group>";
		};
/* End PBXVariantGroup section */

/* Begin XCBuildConfiguration section */
		7FDD7594200FA92D008E00CE /* Debug */ = {
			isa = XCBuildConfiguration;
			buildSettings = {
				ALWAYS_SEARCH_USER_PATHS = NO;
				CLANG_ANALYZER_NONNULL = YES;
				CLANG_ANALYZER_NUMBER_OBJECT_CONVERSION = YES_AGGRESSIVE;
				CLANG_CXX_LANGUAGE_STANDARD = "gnu++14";
				CLANG_CXX_LIBRARY = "libc++";
				CLANG_ENABLE_MODULES = YES;
				CLANG_ENABLE_OBJC_ARC = YES;
				CLANG_WARN_BLOCK_CAPTURE_AUTORELEASING = YES;
				CLANG_WARN_BOOL_CONVERSION = YES;
				CLANG_WARN_COMMA = YES;
				CLANG_WARN_CONSTANT_CONVERSION = YES;
				CLANG_WARN_DIRECT_OBJC_ISA_USAGE = YES_ERROR;
				CLANG_WARN_DOCUMENTATION_COMMENTS = YES;
				CLANG_WARN_EMPTY_BODY = YES;
				CLANG_WARN_ENUM_CONVERSION = YES;
				CLANG_WARN_INFINITE_RECURSION = YES;
				CLANG_WARN_INT_CONVERSION = YES;
				CLANG_WARN_NON_LITERAL_NULL_CONVERSION = YES;
				CLANG_WARN_OBJC_LITERAL_CONVERSION = YES;
				CLANG_WARN_OBJC_ROOT_CLASS = YES_ERROR;
				CLANG_WARN_RANGE_LOOP_ANALYSIS = YES;
				CLANG_WARN_STRICT_PROTOTYPES = YES;
				CLANG_WARN_SUSPICIOUS_MOVE = YES;
				CLANG_WARN_UNGUARDED_AVAILABILITY = YES_AGGRESSIVE;
				CLANG_WARN_UNREACHABLE_CODE = YES;
				CLANG_WARN__DUPLICATE_METHOD_MATCH = YES;
				CODE_SIGN_IDENTITY = "iPhone Developer";
				COPY_PHASE_STRIP = NO;
				DEBUG_INFORMATION_FORMAT = dwarf;
				ENABLE_STRICT_OBJC_MSGSEND = YES;
				ENABLE_TESTABILITY = YES;
				GCC_C_LANGUAGE_STANDARD = gnu11;
				GCC_DYNAMIC_NO_PIC = NO;
				GCC_NO_COMMON_BLOCKS = YES;
				GCC_OPTIMIZATION_LEVEL = 0;
				GCC_PREPROCESSOR_DEFINITIONS = (
					"DEBUG=1",
					"$(inherited)",
				);
				GCC_WARN_64_TO_32_BIT_CONVERSION = YES;
				GCC_WARN_ABOUT_RETURN_TYPE = YES_ERROR;
				GCC_WARN_UNDECLARED_SELECTOR = YES;
				GCC_WARN_UNINITIALIZED_AUTOS = YES_AGGRESSIVE;
				GCC_WARN_UNUSED_FUNCTION = YES;
				GCC_WARN_UNUSED_VARIABLE = YES;
				IPHONEOS_DEPLOYMENT_TARGET = 11.0;
				MTL_ENABLE_DEBUG_INFO = YES;
				ONLY_ACTIVE_ARCH = YES;
				SDKROOT = iphoneos;
				SWIFT_ACTIVE_COMPILATION_CONDITIONS = DEBUG;
				SWIFT_OPTIMIZATION_LEVEL = "-Onone";
			};
			name = Debug;
		};
		7FDD7595200FA92D008E00CE /* Release */ = {
			isa = XCBuildConfiguration;
			buildSettings = {
				ALWAYS_SEARCH_USER_PATHS = NO;
				CLANG_ANALYZER_NONNULL = YES;
				CLANG_ANALYZER_NUMBER_OBJECT_CONVERSION = YES_AGGRESSIVE;
				CLANG_CXX_LANGUAGE_STANDARD = "gnu++14";
				CLANG_CXX_LIBRARY = "libc++";
				CLANG_ENABLE_MODULES = YES;
				CLANG_ENABLE_OBJC_ARC = YES;
				CLANG_WARN_BLOCK_CAPTURE_AUTORELEASING = YES;
				CLANG_WARN_BOOL_CONVERSION = YES;
				CLANG_WARN_COMMA = YES;
				CLANG_WARN_CONSTANT_CONVERSION = YES;
				CLANG_WARN_DIRECT_OBJC_ISA_USAGE = YES_ERROR;
				CLANG_WARN_DOCUMENTATION_COMMENTS = YES;
				CLANG_WARN_EMPTY_BODY = YES;
				CLANG_WARN_ENUM_CONVERSION = YES;
				CLANG_WARN_INFINITE_RECURSION = YES;
				CLANG_WARN_INT_CONVERSION = YES;
				CLANG_WARN_NON_LITERAL_NULL_CONVERSION = YES;
				CLANG_WARN_OBJC_LITERAL_CONVERSION = YES;
				CLANG_WARN_OBJC_ROOT_CLASS = YES_ERROR;
				CLANG_WARN_RANGE_LOOP_ANALYSIS = YES;
				CLANG_WARN_STRICT_PROTOTYPES = YES;
				CLANG_WARN_SUSPICIOUS_MOVE = YES;
				CLANG_WARN_UNGUARDED_AVAILABILITY = YES_AGGRESSIVE;
				CLANG_WARN_UNREACHABLE_CODE = YES;
				CLANG_WARN__DUPLICATE_METHOD_MATCH = YES;
				CODE_SIGN_IDENTITY = "iPhone Developer";
				COPY_PHASE_STRIP = NO;
				DEBUG_INFORMATION_FORMAT = "dwarf-with-dsym";
				ENABLE_NS_ASSERTIONS = NO;
				ENABLE_STRICT_OBJC_MSGSEND = YES;
				GCC_C_LANGUAGE_STANDARD = gnu11;
				GCC_NO_COMMON_BLOCKS = YES;
				GCC_WARN_64_TO_32_BIT_CONVERSION = YES;
				GCC_WARN_ABOUT_RETURN_TYPE = YES_ERROR;
				GCC_WARN_UNDECLARED_SELECTOR = YES;
				GCC_WARN_UNINITIALIZED_AUTOS = YES_AGGRESSIVE;
				GCC_WARN_UNUSED_FUNCTION = YES;
				GCC_WARN_UNUSED_VARIABLE = YES;
				IPHONEOS_DEPLOYMENT_TARGET = 11.0;
				MTL_ENABLE_DEBUG_INFO = NO;
				SDKROOT = iphoneos;
				SWIFT_OPTIMIZATION_LEVEL = "-Owholemodule";
				VALIDATE_PRODUCT = YES;
			};
			name = Release;
		};
		7FDD7597200FA92D008E00CE /* Debug */ = {
			isa = XCBuildConfiguration;
			buildSettings = {
				ASSETCATALOG_COMPILER_APPICON_NAME = AppIcon;
				CODE_SIGN_STYLE = Automatic;
				DEVELOPMENT_TEAM = 3S8Q95UUEV;
				INFOPLIST_FILE = GitTrends/Info.plist;
				LD_RUNPATH_SEARCH_PATHS = "$(inherited) @executable_path/Frameworks";
				PRODUCT_BUNDLE_IDENTIFIER = com.atrane.GitTrends;
				PRODUCT_NAME = "$(TARGET_NAME)";
				SWIFT_VERSION = 4.0;
				TARGETED_DEVICE_FAMILY = "1,2";
			};
			name = Debug;
		};
		7FDD7598200FA92D008E00CE /* Release */ = {
			isa = XCBuildConfiguration;
			buildSettings = {
				ASSETCATALOG_COMPILER_APPICON_NAME = AppIcon;
				CODE_SIGN_STYLE = Automatic;
				DEVELOPMENT_TEAM = 3S8Q95UUEV;
				INFOPLIST_FILE = GitTrends/Info.plist;
				LD_RUNPATH_SEARCH_PATHS = "$(inherited) @executable_path/Frameworks";
				PRODUCT_BUNDLE_IDENTIFIER = com.atrane.GitTrends;
				PRODUCT_NAME = "$(TARGET_NAME)";
				SWIFT_VERSION = 4.0;
				TARGETED_DEVICE_FAMILY = "1,2";
			};
			name = Release;
		};
		7FDD759A200FA92D008E00CE /* Debug */ = {
			isa = XCBuildConfiguration;
			buildSettings = {
				ALWAYS_EMBED_SWIFT_STANDARD_LIBRARIES = YES;
				BUNDLE_LOADER = "$(TEST_HOST)";
				CODE_SIGN_STYLE = Automatic;
				DEVELOPMENT_TEAM = 3S8Q95UUEV;
				INFOPLIST_FILE = GitTrendsTests/Info.plist;
				LD_RUNPATH_SEARCH_PATHS = "$(inherited) @executable_path/Frameworks @loader_path/Frameworks";
				PRODUCT_BUNDLE_IDENTIFIER = com.atrane.GitTrendsTests;
				PRODUCT_NAME = "$(TARGET_NAME)";
				SWIFT_VERSION = 4.0;
				TARGETED_DEVICE_FAMILY = "1,2";
				TEST_HOST = "$(BUILT_PRODUCTS_DIR)/GitTrends.app/GitTrends";
			};
			name = Debug;
		};
		7FDD759B200FA92D008E00CE /* Release */ = {
			isa = XCBuildConfiguration;
			buildSettings = {
				ALWAYS_EMBED_SWIFT_STANDARD_LIBRARIES = YES;
				BUNDLE_LOADER = "$(TEST_HOST)";
				CODE_SIGN_STYLE = Automatic;
				DEVELOPMENT_TEAM = 3S8Q95UUEV;
				INFOPLIST_FILE = GitTrendsTests/Info.plist;
				LD_RUNPATH_SEARCH_PATHS = "$(inherited) @executable_path/Frameworks @loader_path/Frameworks";
				PRODUCT_BUNDLE_IDENTIFIER = com.atrane.GitTrendsTests;
				PRODUCT_NAME = "$(TARGET_NAME)";
				SWIFT_VERSION = 4.0;
				TARGETED_DEVICE_FAMILY = "1,2";
				TEST_HOST = "$(BUILT_PRODUCTS_DIR)/GitTrends.app/GitTrends";
			};
			name = Release;
		};
		7FDD759D200FA92D008E00CE /* Debug */ = {
			isa = XCBuildConfiguration;
			buildSettings = {
				ALWAYS_EMBED_SWIFT_STANDARD_LIBRARIES = YES;
				CODE_SIGN_STYLE = Automatic;
				DEVELOPMENT_TEAM = 3S8Q95UUEV;
				INFOPLIST_FILE = GitTrendsUITests/Info.plist;
				LD_RUNPATH_SEARCH_PATHS = "$(inherited) @executable_path/Frameworks @loader_path/Frameworks";
				PRODUCT_BUNDLE_IDENTIFIER = com.atrane.GitTrendsUITests;
				PRODUCT_NAME = "$(TARGET_NAME)";
				SWIFT_VERSION = 4.0;
				TARGETED_DEVICE_FAMILY = "1,2";
				TEST_TARGET_NAME = GitTrends;
			};
			name = Debug;
		};
		7FDD759E200FA92D008E00CE /* Release */ = {
			isa = XCBuildConfiguration;
			buildSettings = {
				ALWAYS_EMBED_SWIFT_STANDARD_LIBRARIES = YES;
				CODE_SIGN_STYLE = Automatic;
				DEVELOPMENT_TEAM = 3S8Q95UUEV;
				INFOPLIST_FILE = GitTrendsUITests/Info.plist;
				LD_RUNPATH_SEARCH_PATHS = "$(inherited) @executable_path/Frameworks @loader_path/Frameworks";
				PRODUCT_BUNDLE_IDENTIFIER = com.atrane.GitTrendsUITests;
				PRODUCT_NAME = "$(TARGET_NAME)";
				SWIFT_VERSION = 4.0;
				TARGETED_DEVICE_FAMILY = "1,2";
				TEST_TARGET_NAME = GitTrends;
			};
			name = Release;
		};
/* End XCBuildConfiguration section */

/* Begin XCConfigurationList section */
		7FDD7569200FA92D008E00CE /* Build configuration list for PBXProject "GitTrends" */ = {
			isa = XCConfigurationList;
			buildConfigurations = (
				7FDD7594200FA92D008E00CE /* Debug */,
				7FDD7595200FA92D008E00CE /* Release */,
			);
			defaultConfigurationIsVisible = 0;
			defaultConfigurationName = Release;
		};
		7FDD7596200FA92D008E00CE /* Build configuration list for PBXNativeTarget "GitTrends" */ = {
			isa = XCConfigurationList;
			buildConfigurations = (
				7FDD7597200FA92D008E00CE /* Debug */,
				7FDD7598200FA92D008E00CE /* Release */,
			);
			defaultConfigurationIsVisible = 0;
			defaultConfigurationName = Release;
		};
		7FDD7599200FA92D008E00CE /* Build configuration list for PBXNativeTarget "GitTrendsTests" */ = {
			isa = XCConfigurationList;
			buildConfigurations = (
				7FDD759A200FA92D008E00CE /* Debug */,
				7FDD759B200FA92D008E00CE /* Release */,
			);
			defaultConfigurationIsVisible = 0;
			defaultConfigurationName = Release;
		};
		7FDD759C200FA92D008E00CE /* Build configuration list for PBXNativeTarget "GitTrendsUITests" */ = {
			isa = XCConfigurationList;
			buildConfigurations = (
				7FDD759D200FA92D008E00CE /* Debug */,
				7FDD759E200FA92D008E00CE /* Release */,
			);
			defaultConfigurationIsVisible = 0;
			defaultConfigurationName = Release;
		};
/* End XCConfigurationList section */
	};
	rootObject = 7FDD7566200FA92D008E00CE /* Project object */;
}
